
Microsoft Visual Studio Solution File, Format Version 12.00
# Visual Studio Version 16
VisualStudioVersion = 16.0.33529.622
MinimumVisualStudioVersion = 10.0.40219.1
Project("{8BC9CEB8-8B4A-11D0-8D11-00A0C91BC942}") = "directx9-learning", "directx9-learning\directx9-learning.vcxproj", "{2D770F69-EEFA-4821-90B1-A5B6A99E119B}"
EndProject
Global
	GlobalSection(SolutionConfigurationPlatforms) = preSolution
		Debug|x64 = Debug|x64
		Debug|x86 = Debug|x86
		Release|x64 = Release|x64
		Release|x86 = Release|x86
	EndGlobalSection
	GlobalSection(ProjectConfigurationPlatforms) = postSolution
		{2D770F69-EEFA-4821-90B1-A5B6A99E119B}.Debug|x64.ActiveCfg = Debug|x64
		{2D770F69-EEFA-4821-90B1-A5B6A99E119B}.Debug|x64.Build.0 = Debug|x64
		{2D770F69-EEFA-4821-90B1-A5B6A99E119B}.Debug|x86.ActiveCfg = Debug|Win32
		{2D770F69-EEFA-4821-90B1-A5B6A99E119B}.Debug|x86.Build.0 = Debug|Win32
		{2D770F69-EEFA-4821-90B1-A5B6A99E119B}.Release|x64.ActiveCfg = Release|x64
		{2D770F69-EEFA-4821-90B1-A5B6A99E119B}.Release|x64.Build.0 = Release|x64
		{2D770F69-EEFA-4821-90B1-A5B6A99E119B}.Release|x86.ActiveCfg = Release|Win32
		{2D770F69-EEFA-4821-90B1-A5B6A99E119B}.Release|x86.Build.0 = Release|Win32
	EndGlobalSection
	GlobalSection(SolutionProperties) = preSolution
		HideSolutionNode = FALSE
	EndGlobalSection
	GlobalSection(ExtensibilityGlobals) = postSolution
		SolutionGuid = {61D5F6C6-D37B-47B8-AF58-5A6B1573B576}
	EndGlobalSection
EndGlobal
